github.com/davecgh/go-spew v1.1.1 h1:vj9j/u1bqnvCEfJOwUhtlOARqs3+rkHYY13jYWTU97c=
github.com/davecgh/go-spew v1.1.1/go.mod h1:J7Y8YcW2NihsgmVo/mv3lAwl/skON4iLHjSsI+c5H38=
github.com/pmezard/go-difflib v1.0.0 h1:4DBwDE0NGyQoBHbLQYPwSUPoCMWR5BEzIk/f1lZbAQM=
github.com/pmezard/go-difflib v1.0.0/go.mod h1:iKH77koFhYxTK1pcRnkKkqfTogsbg7gZNVY4sRDYZ/4=
github.com/stretchr/testify v1.11.1 h1:7s2iGBzp5EwR7/aIZr8ao5+dra3wiQyKjjFuvgVKu7U=
github.com/stretchr/testify v1.11.1/go.mod h1:wZwfW3scLgRK+23gO65QZefKpKQRnfz6sD981Nm4B6U=
github.com/tencentcloud/tencentcloud-sdk-go/tencentcloud/cls v1.3.135 h1:TRfg/t/TWpVefocHIBhkpmdQiEIHzJ8np7EYPCcr5+k=
github.com/tencentcloud/tencentcloud-sdk-go/tencentcloud/cls v1.3.135/go.mod h1:EHz6Q7i1/RQ/IGeN2DSiN3AUHHC5ehJUKn4enWRrcaE=
github.com/tencentcloud/tencentcloud-sdk-go/tencentcloud/common v1.1.11/go.mod h1:r5r4xbfxSaeR04b166HGsBa/R4U3SueirEUpXGuw+Q0=
github.com/tencentcloud/tencentcloud-sdk-go/tencentcloud/common v1.3.135 h1:yp28DJulOpldhFfOyFjY5ygziKz2cxLBOtZ2qjghmzU=
github.com/tencentcloud/tencentcloud-sdk-go/tencentcloud/common v1.3.135/go.mod h1:r5r4xbfxSaeR04b166HGsBa/R4U3SueirEUpXGuw+Q0=
github.com/tencentcloud/tencentcloud-sdk-go/tencentcloud/sts v1.1.11 h1:FWhgjLYFHWJvYIsLfk4k2XWaJcn7HMUmFLWNSL4pqto=
github.com/tencentcloud/tencentcloud-sdk-go/tencentcloud/sts v1.1.11/go.mod h1:et851eJUuaPGcsKDi1eUfQZoslCaDS3QKUgoqQZtF1c=
gopkg.in/check.v1 v0.0.0-20161208181325-20d25e280405 h1:yhCVgyC4o1eVCa2tZl7eS0r+SDo693bJlVdllGtEeKM=
gopkg.in/check.v1 v0.0.0-20161208181325-20d25e280405/go.mod h1:Co6ibVJAznAaIkqp8huTwlJQCZ016jof/cbN4VW5Yz0=
gopkg.in/yaml.v3 v3.0.1 h1:fxVm/GzAzEWqLHuvctI91KS9hhNmmWOoWu0XTYJS7CA=
gopkg.in/yaml.v3 v3.0.1/go.mod h1:K4uyk7z7BCEPqu6E+C64Yfv1cQ7kz7rIZviUmN+EgEM=
